
Microsoft Visual Studio Solution File, Format Version 12.00
# Visual Studio Version 17
VisualStudioVersion = 17.8.34511.84
MinimumVisualStudioVersion = 10.0.40219.1
Project("{FAE04EC0-301F-11D3-BF4B-00C04F79EFBC}") = "EjercicioAbstraccion", "EjercicioAbstraccion\EjercicioAbstraccion.csproj", "{ACC45FFF-56CB-4F2C-B3BA-BBD718D7BA13}"
EndProject
Global
	GlobalSection(SolutionConfigurationPlatforms) = preSolution
		Debug|Any CPU = Debug|Any CPU
		Release|Any CPU = Release|Any CPU
	EndGlobalSection
	GlobalSection(ProjectConfigurationPlatforms) = postSolution
		{ACC45FFF-56CB-4F2C-B3BA-BBD718D7BA13}.Debug|Any CPU.ActiveCfg = Debug|Any CPU
		{ACC45FFF-56CB-4F2C-B3BA-BBD718D7BA13}.Debug|Any CPU.Build.0 = Debug|Any CPU
		{ACC45FFF-56CB-4F2C-B3BA-BBD718D7BA13}.Release|Any CPU.ActiveCfg = Release|Any CPU
		{ACC45FFF-56CB-4F2C-B3BA-BBD718D7BA13}.Release|Any CPU.Build.0 = Release|Any CPU
	EndGlobalSection
	GlobalSection(SolutionProperties) = preSolution
		HideSolutionNode = FALSE
	EndGlobalSection
	GlobalSection(ExtensibilityGlobals) = postSolution
		SolutionGuid = {85DDE616-1986-462D-A5C2-E73CB96845AD}
	EndGlobalSection
EndGlobal
